
Microsoft Visual Studio Solution File, Format Version 12.00
# Visual Studio 2012
Project("{FAE04EC0-301F-11D3-BF4B-00C04F79EFBC}") = "SiteDescriber.ServiceInterface", "ArcGIS Server Site Describer\SiteDescriber.ServiceInterface\SiteDescriber.ServiceInterface.csproj", "{7CB5A755-64B7-4A4A-8C4D-C1D49E2E8413}"
EndProject
Project("{FAE04EC0-301F-11D3-BF4B-00C04F79EFBC}") = "SiteDescriber.Console", "ArcGIS Server Site Describer\SiteDescriber.Console\SiteDescriber.Console.csproj", "{6732B4D2-4D8A-4C0C-BBE1-A91ED6D7147A}"
EndProject
Project("{FAE04EC0-301F-11D3-BF4B-00C04F79EFBC}") = "SiteDescriber.Web", "ArcGIS Server Site Describer\SiteDescriber.Web\SiteDescriber.Web.csproj", "{13628AB6-7076-4480-BC29-A4CEF60C4753}"
EndProject
Project("{2150E333-8FDC-42A3-9474-1A3956D46DE8}") = "Site Describer", "Site Describer", "{B5ADA791-A39D-4D3A-91E5-E95A25218198}"
EndProject
Project("{FAE04EC0-301F-11D3-BF4B-00C04F79EFBC}") = "ArcGISLocationMapper.Web", "ArcGISLocationMapper\ArcGISLocationMapper.Web\ArcGISLocationMapper.Web.csproj", "{B809B05C-3E89-44B2-973C-265CD9CE4B3B}"
EndProject
Project("{FAE04EC0-301F-11D3-BF4B-00C04F79EFBC}") = "Earthquakes.Web", "Earthquakes\Earthquakes.Web\Earthquakes.Web.csproj", "{7E286799-77F8-4850-B97E-F207583343CD}"
EndProject
Project("{FAE04EC0-301F-11D3-BF4B-00C04F79EFBC}") = "Earthquake", "EQ Generator\Earthquake\Earthquake.csproj", "{BEE8CCD9-AFB5-486D-9B8C-C1866B54BC56}"
EndProject
Project("{2150E333-8FDC-42A3-9474-1A3956D46DE8}") = "Earthquakes", "Earthquakes", "{8A73DDD4-0CCE-4B88-9718-B575B9BD5740}"
EndProject
Project("{FAE04EC0-301F-11D3-BF4B-00C04F79EFBC}") = "Converter.Web", "Converter.Web\Converter.Web.csproj", "{D8257541-02C5-49BF-9ACE-41C1BDAE1CF5}"
EndProject
Global
	GlobalSection(SolutionConfigurationPlatforms) = preSolution
		Debug|Any CPU = Debug|Any CPU
		Release|Any CPU = Release|Any CPU
	EndGlobalSection
	GlobalSection(ProjectConfigurationPlatforms) = postSolution
		{7CB5A755-64B7-4A4A-8C4D-C1D49E2E8413}.Debug|Any CPU.ActiveCfg = Debug|Any CPU
		{7CB5A755-64B7-4A4A-8C4D-C1D49E2E8413}.Debug|Any CPU.Build.0 = Debug|Any CPU
		{7CB5A755-64B7-4A4A-8C4D-C1D49E2E8413}.Release|Any CPU.ActiveCfg = Release|Any CPU
		{7CB5A755-64B7-4A4A-8C4D-C1D49E2E8413}.Release|Any CPU.Build.0 = Release|Any CPU
		{6732B4D2-4D8A-4C0C-BBE1-A91ED6D7147A}.Debug|Any CPU.ActiveCfg = Debug|Any CPU
		{6732B4D2-4D8A-4C0C-BBE1-A91ED6D7147A}.Debug|Any CPU.Build.0 = Debug|Any CPU
		{6732B4D2-4D8A-4C0C-BBE1-A91ED6D7147A}.Release|Any CPU.ActiveCfg = Release|Any CPU
		{6732B4D2-4D8A-4C0C-BBE1-A91ED6D7147A}.Release|Any CPU.Build.0 = Release|Any CPU
		{13628AB6-7076-4480-BC29-A4CEF60C4753}.Debug|Any CPU.ActiveCfg = Debug|Any CPU
		{13628AB6-7076-4480-BC29-A4CEF60C4753}.Debug|Any CPU.Build.0 = Debug|Any CPU
		{13628AB6-7076-4480-BC29-A4CEF60C4753}.Release|Any CPU.ActiveCfg = Release|Any CPU
		{13628AB6-7076-4480-BC29-A4CEF60C4753}.Release|Any CPU.Build.0 = Release|Any CPU
		{B809B05C-3E89-44B2-973C-265CD9CE4B3B}.Debug|Any CPU.ActiveCfg = Debug|Any CPU
		{B809B05C-3E89-44B2-973C-265CD9CE4B3B}.Debug|Any CPU.Build.0 = Debug|Any CPU
		{B809B05C-3E89-44B2-973C-265CD9CE4B3B}.Release|Any CPU.ActiveCfg = Release|Any CPU
		{B809B05C-3E89-44B2-973C-265CD9CE4B3B}.Release|Any CPU.Build.0 = Release|Any CPU
		{7E286799-77F8-4850-B97E-F207583343CD}.Debug|Any CPU.ActiveCfg = Debug|Any CPU
		{7E286799-77F8-4850-B97E-F207583343CD}.Debug|Any CPU.Build.0 = Debug|Any CPU
		{7E286799-77F8-4850-B97E-F207583343CD}.Release|Any CPU.ActiveCfg = Release|Any CPU
		{7E286799-77F8-4850-B97E-F207583343CD}.Release|Any CPU.Build.0 = Release|Any CPU
		{BEE8CCD9-AFB5-486D-9B8C-C1866B54BC56}.Debug|Any CPU.ActiveCfg = Debug|Any CPU
		{BEE8CCD9-AFB5-486D-9B8C-C1866B54BC56}.Debug|Any CPU.Build.0 = Debug|Any CPU
		{BEE8CCD9-AFB5-486D-9B8C-C1866B54BC56}.Release|Any CPU.ActiveCfg = Release|Any CPU
		{BEE8CCD9-AFB5-486D-9B8C-C1866B54BC56}.Release|Any CPU.Build.0 = Release|Any CPU
		{D8257541-02C5-49BF-9ACE-41C1BDAE1CF5}.Debug|Any CPU.ActiveCfg = Debug|Any CPU
		{D8257541-02C5-49BF-9ACE-41C1BDAE1CF5}.Debug|Any CPU.Build.0 = Debug|Any CPU
		{D8257541-02C5-49BF-9ACE-41C1BDAE1CF5}.Release|Any CPU.ActiveCfg = Release|Any CPU
		{D8257541-02C5-49BF-9ACE-41C1BDAE1CF5}.Release|Any CPU.Build.0 = Release|Any CPU
	EndGlobalSection
	GlobalSection(SolutionProperties) = preSolution
		HideSolutionNode = FALSE
	EndGlobalSection
	GlobalSection(NestedProjects) = preSolution
		{6732B4D2-4D8A-4C0C-BBE1-A91ED6D7147A} = {B5ADA791-A39D-4D3A-91E5-E95A25218198}
		{7CB5A755-64B7-4A4A-8C4D-C1D49E2E8413} = {B5ADA791-A39D-4D3A-91E5-E95A25218198}
		{13628AB6-7076-4480-BC29-A4CEF60C4753} = {B5ADA791-A39D-4D3A-91E5-E95A25218198}
		{BEE8CCD9-AFB5-486D-9B8C-C1866B54BC56} = {8A73DDD4-0CCE-4B88-9718-B575B9BD5740}
		{7E286799-77F8-4850-B97E-F207583343CD} = {8A73DDD4-0CCE-4B88-9718-B575B9BD5740}
	EndGlobalSection
EndGlobal
